
Microsoft Visual Studio Solution File, Format Version 12.00
# Visual Studio Version 16
VisualStudioVersion = 25.0.1704.5
MinimumVisualStudioVersion = 10.0.40219.1
Project("{FAE04EC0-301F-11D3-BF4B-00C04F79EFBC}") = "BulkInsertSqlServer", "BulkInsertSqlServer\BulkInsertSqlServer.csproj", "{495C5286-490E-4794-9CAC-9AAEBCB799BC}"
EndProject
Global
	GlobalSection(SolutionConfigurationPlatforms) = preSolution
		Debug|Any CPU = Debug|Any CPU
		Release|Any CPU = Release|Any CPU
	EndGlobalSection
	GlobalSection(ProjectConfigurationPlatforms) = postSolution
		{495C5286-490E-4794-9CAC-9AAEBCB799BC}.Debug|Any CPU.ActiveCfg = Debug|Any CPU
		{495C5286-490E-4794-9CAC-9AAEBCB799BC}.Debug|Any CPU.Build.0 = Debug|Any CPU
		{495C5286-490E-4794-9CAC-9AAEBCB799BC}.Release|Any CPU.ActiveCfg = Release|Any CPU
		{495C5286-490E-4794-9CAC-9AAEBCB799BC}.Release|Any CPU.Build.0 = Release|Any CPU
	EndGlobalSection
	GlobalSection(SolutionProperties) = preSolution
		HideSolutionNode = FALSE
	EndGlobalSection
	GlobalSection(ExtensibilityGlobals) = postSolution
		SolutionGuid = {6FD01687-CC84-4F1D-A3B1-5559B375808B}
	EndGlobalSection
EndGlobal
