
Microsoft Visual Studio Solution File, Format Version 12.00
# Visual Studio Version 17
VisualStudioVersion = 17.11.35222.181
MinimumVisualStudioVersion = 10.0.40219.1
Project("{FAE04EC0-301F-11D3-BF4B-00C04F79EFBC}") = "APIDapper-Customize", "APIDapper-Customize\APIDapper-Customize.csproj", "{D68C4BCB-1278-49F6-A8D9-E038D2E3878D}"
EndProject
Global
	GlobalSection(SolutionConfigurationPlatforms) = preSolution
		Debug|Any CPU = Debug|Any CPU
		Release|Any CPU = Release|Any CPU
	EndGlobalSection
	GlobalSection(ProjectConfigurationPlatforms) = postSolution
		{D68C4BCB-1278-49F6-A8D9-E038D2E3878D}.Debug|Any CPU.ActiveCfg = Debug|Any CPU
		{D68C4BCB-1278-49F6-A8D9-E038D2E3878D}.Debug|Any CPU.Build.0 = Debug|Any CPU
		{D68C4BCB-1278-49F6-A8D9-E038D2E3878D}.Release|Any CPU.ActiveCfg = Release|Any CPU
		{D68C4BCB-1278-49F6-A8D9-E038D2E3878D}.Release|Any CPU.Build.0 = Release|Any CPU
	EndGlobalSection
	GlobalSection(SolutionProperties) = preSolution
		HideSolutionNode = FALSE
	EndGlobalSection
	GlobalSection(ExtensibilityGlobals) = postSolution
		SolutionGuid = {E016B42A-9536-4001-B605-22726F5A4B4E}
	EndGlobalSection
EndGlobal
