
Microsoft Visual Studio Solution File, Format Version 12.00
# Visual Studio Version 16
VisualStudioVersion = 25.0.1704.4
MinimumVisualStudioVersion = 10.0.40219.1
Project("{FAE04EC0-301F-11D3-BF4B-00C04F79EFBC}") = "ExpandoObjectDynamic", "ExpandoObjectDynamic\ExpandoObjectDynamic.csproj", "{6550C3A4-E0FF-4C39-B7C1-9DBABB7053BD}"
EndProject
Global
	GlobalSection(SolutionConfigurationPlatforms) = preSolution
		Debug|Any CPU = Debug|Any CPU
		Release|Any CPU = Release|Any CPU
	EndGlobalSection
	GlobalSection(ProjectConfigurationPlatforms) = postSolution
		{6550C3A4-E0FF-4C39-B7C1-9DBABB7053BD}.Debug|Any CPU.ActiveCfg = Debug|Any CPU
		{6550C3A4-E0FF-4C39-B7C1-9DBABB7053BD}.Debug|Any CPU.Build.0 = Debug|Any CPU
		{6550C3A4-E0FF-4C39-B7C1-9DBABB7053BD}.Release|Any CPU.ActiveCfg = Release|Any CPU
		{6550C3A4-E0FF-4C39-B7C1-9DBABB7053BD}.Release|Any CPU.Build.0 = Release|Any CPU
	EndGlobalSection
	GlobalSection(SolutionProperties) = preSolution
		HideSolutionNode = FALSE
	EndGlobalSection
	GlobalSection(ExtensibilityGlobals) = postSolution
		SolutionGuid = {48A90ED3-5936-4009-BCF7-C1A6D0D641C1}
	EndGlobalSection
EndGlobal
